
Microsoft Visual Studio Solution File, Format Version 12.00
# Visual Studio Version 16
VisualStudioVersion = 16.0.30204.135
MinimumVisualStudioVersion = 10.0.40219.1
Project("{FAE04EC0-301F-11D3-BF4B-00C04F79EFBC}") = "RealEstatePro", "RealEstatePro\RealEstatePro.csproj", "{A01947E8-2765-4D17-B88C-FC2A5678F175}"
EndProject
Global
	GlobalSection(SolutionConfigurationPlatforms) = preSolution
		Debug|Any CPU = Debug|Any CPU
		Release|Any CPU = Release|Any CPU
	EndGlobalSection
	GlobalSection(ProjectConfigurationPlatforms) = postSolution
		{A01947E8-2765-4D17-B88C-FC2A5678F175}.Debug|Any CPU.ActiveCfg = Debug|Any CPU
		{A01947E8-2765-4D17-B88C-FC2A5678F175}.Debug|Any CPU.Build.0 = Debug|Any CPU
		{A01947E8-2765-4D17-B88C-FC2A5678F175}.Release|Any CPU.ActiveCfg = Release|Any CPU
		{A01947E8-2765-4D17-B88C-FC2A5678F175}.Release|Any CPU.Build.0 = Release|Any CPU
	EndGlobalSection
	GlobalSection(SolutionProperties) = preSolution
		HideSolutionNode = FALSE
	EndGlobalSection
	GlobalSection(ExtensibilityGlobals) = postSolution
		SolutionGuid = {64F650A0-A5F1-411B-B525-E7D64BC0787E}
	EndGlobalSection
EndGlobal
